
Microsoft Visual Studio Solution File, Format Version 12.00
# Visual Studio Version 17
VisualStudioVersion = 17.14.36616.10 d17.14
MinimumVisualStudioVersion = 10.0.40219.1
Project("{FAE04EC0-301F-11D3-BF4B-00C04F79EFBC}") = "WeatherWebAPIKoncar", "WeatherWebAPIKoncar\WeatherWebAPIKoncar.csproj", "{979CEE33-8205-4B85-AB68-CF2CA4FCFFAF}"
EndProject
Global
	GlobalSection(SolutionConfigurationPlatforms) = preSolution
		Debug|Any CPU = Debug|Any CPU
		Release|Any CPU = Release|Any CPU
	EndGlobalSection
	GlobalSection(ProjectConfigurationPlatforms) = postSolution
		{979CEE33-8205-4B85-AB68-CF2CA4FCFFAF}.Debug|Any CPU.ActiveCfg = Debug|Any CPU
		{979CEE33-8205-4B85-AB68-CF2CA4FCFFAF}.Debug|Any CPU.Build.0 = Debug|Any CPU
		{979CEE33-8205-4B85-AB68-CF2CA4FCFFAF}.Release|Any CPU.ActiveCfg = Release|Any CPU
		{979CEE33-8205-4B85-AB68-CF2CA4FCFFAF}.Release|Any CPU.Build.0 = Release|Any CPU
	EndGlobalSection
	GlobalSection(SolutionProperties) = preSolution
		HideSolutionNode = FALSE
	EndGlobalSection
	GlobalSection(ExtensibilityGlobals) = postSolution
		SolutionGuid = {60FF4AD4-518D-404F-8956-91FF7BEFB118}
	EndGlobalSection
EndGlobal
